
Microsoft Visual Studio Solution File, Format Version 12.00
# Visual Studio 15
VisualStudioVersion = 15.0.27428.1
MinimumVisualStudioVersion = 10.0.40219.1
Project("{FAE04EC0-301F-11D3-BF4B-00C04F79EFBC}") = "Hospital", "Hospital\Hospital.csproj", "{FB1B3965-0347-4A68-8149-D7853E36E432}"
EndProject
Global
	GlobalSection(SolutionConfigurationPlatforms) = preSolution
		Debug|Any CPU = Debug|Any CPU
		Release|Any CPU = Release|Any CPU
	EndGlobalSection
	GlobalSection(ProjectConfigurationPlatforms) = postSolution
		{FB1B3965-0347-4A68-8149-D7853E36E432}.Debug|Any CPU.ActiveCfg = Debug|Any CPU
		{FB1B3965-0347-4A68-8149-D7853E36E432}.Debug|Any CPU.Build.0 = Debug|Any CPU
		{FB1B3965-0347-4A68-8149-D7853E36E432}.Release|Any CPU.ActiveCfg = Release|Any CPU
		{FB1B3965-0347-4A68-8149-D7853E36E432}.Release|Any CPU.Build.0 = Release|Any CPU
	EndGlobalSection
	GlobalSection(SolutionProperties) = preSolution
		HideSolutionNode = FALSE
	EndGlobalSection
	GlobalSection(ExtensibilityGlobals) = postSolution
		SolutionGuid = {E7E20A44-FCA9-4E45-B53F-B09D65DFC925}
	EndGlobalSection
EndGlobal
